
Microsoft Visual Studio Solution File, Format Version 11.00
# Visual Studio 2010
Project("{FAE04EC0-301F-11D3-BF4B-00C04F79EFBC}") = "Assembly-CSharp", "Assembly-CSharp.csproj", "{4ccfbe05-6316-279a-8b47-f38da026b5c0}"
EndProject
Project("{FAE04EC0-301F-11D3-BF4B-00C04F79EFBC}") = "Assembly-CSharp-Editor", "Assembly-CSharp-Editor.csproj", "{fd1c2b9d-0265-c148-79b0-8d59909ddf6f}"
EndProject
Global
	GlobalSection(SolutionConfigurationPlatforms) = preSolution
		Debug|Any CPU = Debug|Any CPU
	EndGlobalSection
	GlobalSection(ProjectConfigurationPlatforms) = postSolution
		{4ccfbe05-6316-279a-8b47-f38da026b5c0}.Debug|Any CPU.ActiveCfg = Debug|Any CPU
		{4ccfbe05-6316-279a-8b47-f38da026b5c0}.Debug|Any CPU.Build.0 = Debug|Any CPU
		{fd1c2b9d-0265-c148-79b0-8d59909ddf6f}.Debug|Any CPU.ActiveCfg = Debug|Any CPU
		{fd1c2b9d-0265-c148-79b0-8d59909ddf6f}.Debug|Any CPU.Build.0 = Debug|Any CPU
	EndGlobalSection
	GlobalSection(SolutionProperties) = preSolution
		HideSolutionNode = FALSE
	EndGlobalSection
EndGlobal
